
Microsoft Visual Studio Solution File, Format Version 12.00
# Visual Studio Version 16
VisualStudioVersion = 16.0.31005.135
MinimumVisualStudioVersion = 10.0.40219.1
Project("{9A19103F-16F7-4668-BE54-9A1E7A4F7556}") = "tk3full", "tk3full.csproj", "{3D86408C-F84F-4780-A4D7-30F36B36DE4A}"
EndProject
Global
	GlobalSection(SolutionConfigurationPlatforms) = preSolution
		Debug|Any CPU = Debug|Any CPU
		Release|Any CPU = Release|Any CPU
	EndGlobalSection
	GlobalSection(ProjectConfigurationPlatforms) = postSolution
		{3D86408C-F84F-4780-A4D7-30F36B36DE4A}.Debug|Any CPU.ActiveCfg = Debug|Any CPU
		{3D86408C-F84F-4780-A4D7-30F36B36DE4A}.Debug|Any CPU.Build.0 = Debug|Any CPU
		{3D86408C-F84F-4780-A4D7-30F36B36DE4A}.Release|Any CPU.ActiveCfg = Release|Any CPU
		{3D86408C-F84F-4780-A4D7-30F36B36DE4A}.Release|Any CPU.Build.0 = Release|Any CPU
	EndGlobalSection
	GlobalSection(SolutionProperties) = preSolution
		HideSolutionNode = FALSE
	EndGlobalSection
	GlobalSection(ExtensibilityGlobals) = postSolution
		SolutionGuid = {BA375C40-34D6-4F58-9074-8BC1926F3670}
	EndGlobalSection
EndGlobal
