
Microsoft Visual Studio Solution File, Format Version 12.00
# Visual Studio Version 16
VisualStudioVersion = 16.0.31005.135
MinimumVisualStudioVersion = 10.0.40219.1
Project("{9A19103F-16F7-4668-BE54-9A1E7A4F7556}") = "tk3full", "tk3full.csproj", "{3D86408C-F84F-4780-A4D7-30F36B36DE4A}"
EndProject
Project("{9A19103F-16F7-4668-BE54-9A1E7A4F7556}") = "API", "API\API.csproj", "{1831DE28-01DB-44DD-87D6-231FF3FD64BC}"
EndProject
Project("{9A19103F-16F7-4668-BE54-9A1E7A4F7556}") = "Core", "Core\Core.csproj", "{6A77C9B9-5FD8-4498-9614-608809FAC1B9}"
EndProject
Project("{9A19103F-16F7-4668-BE54-9A1E7A4F7556}") = "Framework", "framework\Framework.csproj", "{FA832D63-13F5-4991-92EC-28A951C149BE}"
EndProject
Project("{E24C65DC-7377-472B-9ABA-BC803B73C61A}") = "client", "client\", "{30CACE0A-AF7A-4631-90FE-3048EF99863D}"
	ProjectSection(WebsiteProperties) = preProject
		TargetFrameworkMoniker = ".NETFramework,Version%3Dv4.0"
		Debug.AspNetCompiler.VirtualPath = "/localhost_52556"
		Debug.AspNetCompiler.PhysicalPath = "client\"
		Debug.AspNetCompiler.TargetPath = "PrecompiledWeb\localhost_52556\"
		Debug.AspNetCompiler.Updateable = "true"
		Debug.AspNetCompiler.ForceOverwrite = "true"
		Debug.AspNetCompiler.FixedNames = "false"
		Debug.AspNetCompiler.Debug = "True"
		Release.AspNetCompiler.VirtualPath = "/localhost_52556"
		Release.AspNetCompiler.PhysicalPath = "client\"
		Release.AspNetCompiler.TargetPath = "PrecompiledWeb\localhost_52556\"
		Release.AspNetCompiler.Updateable = "true"
		Release.AspNetCompiler.ForceOverwrite = "true"
		Release.AspNetCompiler.FixedNames = "false"
		Release.AspNetCompiler.Debug = "False"
		VWDPort = "52556"
	EndProjectSection
EndProject
Global
	GlobalSection(SolutionConfigurationPlatforms) = preSolution
		Debug|Any CPU = Debug|Any CPU
		Release|Any CPU = Release|Any CPU
	EndGlobalSection
	GlobalSection(ProjectConfigurationPlatforms) = postSolution
		{3D86408C-F84F-4780-A4D7-30F36B36DE4A}.Debug|Any CPU.ActiveCfg = Debug|Any CPU
		{3D86408C-F84F-4780-A4D7-30F36B36DE4A}.Debug|Any CPU.Build.0 = Debug|Any CPU
		{3D86408C-F84F-4780-A4D7-30F36B36DE4A}.Release|Any CPU.ActiveCfg = Release|Any CPU
		{3D86408C-F84F-4780-A4D7-30F36B36DE4A}.Release|Any CPU.Build.0 = Release|Any CPU
		{1831DE28-01DB-44DD-87D6-231FF3FD64BC}.Debug|Any CPU.ActiveCfg = Debug|Any CPU
		{1831DE28-01DB-44DD-87D6-231FF3FD64BC}.Debug|Any CPU.Build.0 = Debug|Any CPU
		{1831DE28-01DB-44DD-87D6-231FF3FD64BC}.Release|Any CPU.ActiveCfg = Release|Any CPU
		{1831DE28-01DB-44DD-87D6-231FF3FD64BC}.Release|Any CPU.Build.0 = Release|Any CPU
		{6A77C9B9-5FD8-4498-9614-608809FAC1B9}.Debug|Any CPU.ActiveCfg = Debug|Any CPU
		{6A77C9B9-5FD8-4498-9614-608809FAC1B9}.Debug|Any CPU.Build.0 = Debug|Any CPU
		{6A77C9B9-5FD8-4498-9614-608809FAC1B9}.Release|Any CPU.ActiveCfg = Release|Any CPU
		{6A77C9B9-5FD8-4498-9614-608809FAC1B9}.Release|Any CPU.Build.0 = Release|Any CPU
		{FA832D63-13F5-4991-92EC-28A951C149BE}.Debug|Any CPU.ActiveCfg = Debug|Any CPU
		{FA832D63-13F5-4991-92EC-28A951C149BE}.Debug|Any CPU.Build.0 = Debug|Any CPU
		{FA832D63-13F5-4991-92EC-28A951C149BE}.Release|Any CPU.ActiveCfg = Release|Any CPU
		{FA832D63-13F5-4991-92EC-28A951C149BE}.Release|Any CPU.Build.0 = Release|Any CPU
		{30CACE0A-AF7A-4631-90FE-3048EF99863D}.Debug|Any CPU.ActiveCfg = Debug|Any CPU
		{30CACE0A-AF7A-4631-90FE-3048EF99863D}.Debug|Any CPU.Build.0 = Debug|Any CPU
		{30CACE0A-AF7A-4631-90FE-3048EF99863D}.Release|Any CPU.ActiveCfg = Debug|Any CPU
		{30CACE0A-AF7A-4631-90FE-3048EF99863D}.Release|Any CPU.Build.0 = Debug|Any CPU
	EndGlobalSection
	GlobalSection(SolutionProperties) = preSolution
		HideSolutionNode = FALSE
	EndGlobalSection
	GlobalSection(ExtensibilityGlobals) = postSolution
		SolutionGuid = {BA375C40-34D6-4F58-9074-8BC1926F3670}
	EndGlobalSection
EndGlobal
